// !$*UTF8*$!
{
	archiveVersion = 1;
	classes = {
	};
	objectVersion = 55;
	objects = {

/* Begin PBXBuildFile section */
		E73530F027C1A22100C4D033 /* AppDelegate.swift in Sources */ = {isa = PBXBuildFile; fileRef = E73530EF27C1A22100C4D033 /* AppDelegate.swift */; };
		E73530F227C1A22100C4D033 /* SceneDelegate.swift in Sources */ = {isa = PBXBuildFile; fileRef = E73530F127C1A22100C4D033 /* SceneDelegate.swift */; };
		E73530F427C1A22100C4D033 /* ViewController.swift in Sources */ = {isa = PBXBuildFile; fileRef = E73530F327C1A22100C4D033 /* ViewController.swift */; };
		E73530F727C1A22100C4D033 /* Main.storyboard in Resources */ = {isa = PBXBuildFile; fileRef = E73530F527C1A22100C4D033 /* Main.storyboard */; };
		E73530F927C1A22200C4D033 /* Assets.xcassets in Resources */ = {isa = PBXBuildFile; fileRef = E73530F827C1A22200C4D033 /* Assets.xcassets */; };
		E73530FC27C1A22200C4D033 /* LaunchScreen.storyboard in Resources */ = {isa = PBXBuildFile; fileRef = E73530FA27C1A22200C4D033 /* LaunchScreen.storyboard */; };
		E735310827C1B6C200C4D033 /* CalcButtonStyle.swift in Sources */ = {isa = PBXBuildFile; fileRef = E735310727C1B6C200C4D033 /* CalcButtonStyle.swift */; };
		E735310B27C1B9EE00C4D033 /* CGColorExtension.swift in Sources */ = {isa = PBXBuildFile; fileRef = E735310A27C1B9EE00C4D033 /* CGColorExtension.swift */; };
		E78F9016284AD799000191D4 /* CalcButton.swift in Sources */ = {isa = PBXBuildFile; fileRef = E78F9015284AD799000191D4 /* CalcButton.swift */; };
		E7CEE4E127C2EC0700B4C8DC /* Operations.swift in Sources */ = {isa = PBXBuildFile; fileRef = E7CEE4E027C2EC0700B4C8DC /* Operations.swift */; };
		E7CEE4E327C310AE00B4C8DC /* DoubleExtension.swift in Sources */ = {isa = PBXBuildFile; fileRef = E7CEE4E227C310AE00B4C8DC /* DoubleExtension.swift */; };
/* End PBXBuildFile section */

/* Begin PBXFileReference section */
		E73530EC27C1A22100C4D033 /* Mi Calculadora.app */ = {isa = PBXFileReference; explicitFileType = wrapper.application; includeInIndex = 0; path = "Mi Calculadora.app"; sourceTree = BUILT_PRODUCTS_DIR; };
		E73530EF27C1A22100C4D033 /* AppDelegate.swift */ = {isa = PBXFileReference; lastKnownFileType = sourcecode.swift; path = AppDelegate.swift; sourceTree = "<group>"; };
		E73530F127C1A22100C4D033 /* SceneDelegate.swift */ = {isa = PBXFileReference; lastKnownFileType = sourcecode.swift; path = SceneDelegate.swift; sourceTree = "<group>"; };
		E73530F327C1A22100C4D033 /* ViewController.swift */ = {isa = PBXFileReference; lastKnownFileType = sourcecode.swift; path = ViewController.swift; sourceTree = "<group>"; };
		E73530F627C1A22100C4D033 /* Base */ = {isa = PBXFileReference; lastKnownFileType = file.storyboard; name = Base; path = Base.lproj/Main.storyboard; sourceTree = "<group>"; };
		E73530F827C1A22200C4D033 /* Assets.xcassets */ = {isa = PBXFileReference; lastKnownFileType = folder.assetcatalog; path = Assets.xcassets; sourceTree = "<group>"; };
		E73530FB27C1A22200C4D033 /* Base */ = {isa = PBXFileReference; lastKnownFileType = file.storyboard; name = Base; path = Base.lproj/LaunchScreen.storyboard; sourceTree = "<group>"; };
		E73530FD27C1A22200C4D033 /* Info.plist */ = {isa = PBXFileReference; lastKnownFileType = text.plist.xml; path = Info.plist; sourceTree = "<group>"; };
		E735310727C1B6C200C4D033 /* CalcButtonStyle.swift */ = {isa = PBXFileReference; lastKnownFileType = sourcecode.swift; path = CalcButtonStyle.swift; sourceTree = "<group>"; };
		E735310A27C1B9EE00C4D033 /* CGColorExtension.swift */ = {isa = PBXFileReference; lastKnownFileType = sourcecode.swift; path = CGColorExtension.swift; sourceTree = "<group>"; };
		E78F9015284AD799000191D4 /* CalcButton.swift */ = {isa = PBXFileReference; fileEncoding = 4; lastKnownFileType = sourcecode.swift; path = CalcButton.swift; sourceTree = "<group>"; };
		E7CEE4E027C2EC0700B4C8DC /* Operations.swift */ = {isa = PBXFileReference; lastKnownFileType = sourcecode.swift; path = Operations.swift; sourceTree = "<group>"; };
		E7CEE4E227C310AE00B4C8DC /* DoubleExtension.swift */ = {isa = PBXFileReference; lastKnownFileType = sourcecode.swift; path = DoubleExtension.swift; sourceTree = "<group>"; };
/* End PBXFileReference section */

/* Begin PBXFrameworksBuildPhase section */
		E73530E927C1A22100C4D033 /* Frameworks */ = {
			isa = PBXFrameworksBuildPhase;
			buildActionMask = 2147483647;
			files = (
			);
			runOnlyForDeploymentPostprocessing = 0;
		};
/* End PBXFrameworksBuildPhase section */

/* Begin PBXGroup section */
		E73530E327C1A22100C4D033 = {
			isa = PBXGroup;
			children = (
				E73530EE27C1A22100C4D033 /* Mi Calculadora */,
				E73530ED27C1A22100C4D033 /* Products */,
			);
			sourceTree = "<group>";
		};
		E73530ED27C1A22100C4D033 /* Products */ = {
			isa = PBXGroup;
			children = (
				E73530EC27C1A22100C4D033 /* Mi Calculadora.app */,
			);
			name = Products;
			sourceTree = "<group>";
		};
		E73530EE27C1A22100C4D033 /* Mi Calculadora */ = {
			isa = PBXGroup;
			children = (
				E735310527C1B69300C4D033 /* Generics */,
				E73530EF27C1A22100C4D033 /* AppDelegate.swift */,
				E73530F127C1A22100C4D033 /* SceneDelegate.swift */,
				E73530F327C1A22100C4D033 /* ViewController.swift */,
				E73530F527C1A22100C4D033 /* Main.storyboard */,
				E73530F827C1A22200C4D033 /* Assets.xcassets */,
				E73530FA27C1A22200C4D033 /* LaunchScreen.storyboard */,
				E73530FD27C1A22200C4D033 /* Info.plist */,
			);
			path = "Mi Calculadora";
			sourceTree = "<group>";
		};
		E735310527C1B69300C4D033 /* Generics */ = {
			isa = PBXGroup;
			children = (
				E735310927C1B9DE00C4D033 /* Extensions */,
				E735310627C1B6A000C4D033 /* CalcButton */,
				E7CEE4E027C2EC0700B4C8DC /* Operations.swift */,
			);
			path = Generics;
			sourceTree = "<group>";
		};
		E735310627C1B6A000C4D033 /* CalcButton */ = {
			isa = PBXGroup;
			children = (
				E78F9015284AD799000191D4 /* CalcButton.swift */,
				E735310727C1B6C200C4D033 /* CalcButtonStyle.swift */,
			);
			path = CalcButton;
			sourceTree = "<group>";
		};
		E735310927C1B9DE00C4D033 /* Extensions */ = {
			isa = PBXGroup;
			children = (
				E735310A27C1B9EE00C4D033 /* CGColorExtension.swift */,
				E7CEE4E227C310AE00B4C8DC /* DoubleExtension.swift */,
			);
			path = Extensions;
			sourceTree = "<group>";
		};
/* End PBXGroup section */

/* Begin PBXNativeTarget section */
		E73530EB27C1A22100C4D033 /* Mi Calculadora */ = {
			isa = PBXNativeTarget;
			buildConfigurationList = E735310027C1A22200C4D033 /* Build configuration list for PBXNativeTarget "Mi Calculadora" */;
			buildPhases = (
				E73530E827C1A22100C4D033 /* Sources */,
				E73530E927C1A22100C4D033 /* Frameworks */,
				E73530EA27C1A22100C4D033 /* Resources */,
			);
			buildRules = (
			);
			dependencies = (
			);
			name = "Mi Calculadora";
			productName = "Mi Calculadora";
			productReference = E73530EC27C1A22100C4D033 /* Mi Calculadora.app */;
			productType = "com.apple.product-type.application";
		};
/* End PBXNativeTarget section */

/* Begin PBXProject section */
		E73530E427C1A22100C4D033 /* Project object */ = {
			isa = PBXProject;
			attributes = {
				BuildIndependentTargetsInParallel = 1;
				LastSwiftUpdateCheck = 1320;
				LastUpgradeCheck = 1320;
				TargetAttributes = {
					E73530EB27C1A22100C4D033 = {
						CreatedOnToolsVersion = 13.2.1;
					};
				};
			};
			buildConfigurationList = E73530E727C1A22100C4D033 /* Build configuration list for PBXProject "Mi Calculadora" */;
			compatibilityVersion = "Xcode 13.0";
			developmentRegion = en;
			hasScannedForEncodings = 0;
			knownRegions = (
				en,
				Base,
			);
			mainGroup = E73530E327C1A22100C4D033;
			productRefGroup = E73530ED27C1A22100C4D033 /* Products */;
			projectDirPath = "";
			projectRoot = "";
			targets = (
				E73530EB27C1A22100C4D033 /* Mi Calculadora */,
			);
		};
/* End PBXProject section */

/* Begin PBXResourcesBuildPhase section */
		E73530EA27C1A22100C4D033 /* Resources */ = {
			isa = PBXResourcesBuildPhase;
			buildActionMask = 2147483647;
			files = (
				E73530FC27C1A22200C4D033 /* LaunchScreen.storyboard in Resources */,
				E73530F927C1A22200C4D033 /* Assets.xcassets in Resources */,
				E73530F727C1A22100C4D033 /* Main.storyboard in Resources */,
			);
			runOnlyForDeploymentPostprocessing = 0;
		};
/* End PBXResourcesBuildPhase section */

/* Begin PBXSourcesBuildPhase section */
		E73530E827C1A22100C4D033 /* Sources */ = {
			isa = PBXSourcesBuildPhase;
			buildActionMask = 2147483647;
			files = (
				E7CEE4E327C310AE00B4C8DC /* DoubleExtension.swift in Sources */,
				E73530F427C1A22100C4D033 /* ViewController.swift in Sources */,
				E78F9016284AD799000191D4 /* CalcButton.swift in Sources */,
				E735310B27C1B9EE00C4D033 /* CGColorExtension.swift in Sources */,
				E73530F027C1A22100C4D033 /* AppDelegate.swift in Sources */,
				E7CEE4E127C2EC0700B4C8DC /* Operations.swift in Sources */,
				E735310827C1B6C200C4D033 /* CalcButtonStyle.swift in Sources */,
				E73530F227C1A22100C4D033 /* SceneDelegate.swift in Sources */,
			);
			runOnlyForDeploymentPostprocessing = 0;
		};
/* End PBXSourcesBuildPhase section */

/* Begin PBXVariantGroup section */
		E73530F527C1A22100C4D033 /* Main.storyboard */ = {
			isa = PBXVariantGroup;
			children = (
				E73530F627C1A22100C4D033 /* Base */,
			);
			name = Main.storyboard;
			sourceTree = "<group>";
		};
		E73530FA27C1A22200C4D033 /* LaunchScreen.storyboard */ = {
			isa = PBXVariantGroup;
			children = (
				E73530FB27C1A22200C4D033 /* Base */,
			);
			name = LaunchScreen.storyboard;
			sourceTree = "<group>";
		};
/* End PBXVariantGroup section */

/* Begin XCBuildConfiguration section */
		E73530FE27C1A22200C4D033 /* Debug */ = {
			isa = XCBuildConfiguration;
			buildSettings = {
				ALWAYS_SEARCH_USER_PATHS = NO;
				CLANG_ANALYZER_NONNULL = YES;
				CLANG_ANALYZER_NUMBER_OBJECT_CONVERSION = YES_AGGRESSIVE;
				CLANG_CXX_LANGUAGE_STANDARD = "gnu++17";
				CLANG_CXX_LIBRARY = "libc++";
				CLANG_ENABLE_MODULES = YES;
				CLANG_ENABLE_OBJC_ARC = YES;
				CLANG_ENABLE_OBJC_WEAK = YES;
				CLANG_WARN_BLOCK_CAPTURE_AUTORELEASING = YES;
				CLANG_WARN_BOOL_CONVERSION = YES;
				CLANG_WARN_COMMA = YES;
				CLANG_WARN_CONSTANT_CONVERSION = YES;
				CLANG_WARN_DEPRECATED_OBJC_IMPLEMENTATIONS = YES;
				CLANG_WARN_DIRECT_OBJC_ISA_USAGE = YES_ERROR;
				CLANG_WARN_DOCUMENTATION_COMMENTS = YES;
				CLANG_WARN_EMPTY_BODY = YES;
				CLANG_WARN_ENUM_CONVERSION = YES;
				CLANG_WARN_INFINITE_RECURSION = YES;
				CLANG_WARN_INT_CONVERSION = YES;
				CLANG_WARN_NON_LITERAL_NULL_CONVERSION = YES;
				CLANG_WARN_OBJC_IMPLICIT_RETAIN_SELF = YES;
				CLANG_WARN_OBJC_LITERAL_CONVERSION = YES;
				CLANG_WARN_OBJC_ROOT_CLASS = YES_ERROR;
				CLANG_WARN_QUOTED_INCLUDE_IN_FRAMEWORK_HEADER = YES;
				CLANG_WARN_RANGE_LOOP_ANALYSIS = YES;
				CLANG_WARN_STRICT_PROTOTYPES = YES;
				CLANG_WARN_SUSPICIOUS_MOVE = YES;
				CLANG_WARN_UNGUARDED_AVAILABILITY = YES_AGGRESSIVE;
				CLANG_WARN_UNREACHABLE_CODE = YES;
				CLANG_WARN__DUPLICATE_METHOD_MATCH = YES;
				COPY_PHASE_STRIP = NO;
				DEBUG_INFORMATION_FORMAT = dwarf;
				ENABLE_STRICT_OBJC_MSGSEND = YES;
				ENABLE_TESTABILITY = YES;
				GCC_C_LANGUAGE_STANDARD = gnu11;
				GCC_DYNAMIC_NO_PIC = NO;
				GCC_NO_COMMON_BLOCKS = YES;
				GCC_OPTIMIZATION_LEVEL = 0;
				GCC_PREPROCESSOR_DEFINITIONS = (
					"DEBUG=1",
					"$(inherited)",
				);
				GCC_WARN_64_TO_32_BIT_CONVERSION = YES;
				GCC_WARN_ABOUT_RETURN_TYPE = YES_ERROR;
				GCC_WARN_UNDECLARED_SELECTOR = YES;
				GCC_WARN_UNINITIALIZED_AUTOS = YES_AGGRESSIVE;
				GCC_WARN_UNUSED_FUNCTION = YES;
				GCC_WARN_UNUSED_VARIABLE = YES;
				IPHONEOS_DEPLOYMENT_TARGET = 15.2;
				MTL_ENABLE_DEBUG_INFO = INCLUDE_SOURCE;
				MTL_FAST_MATH = YES;
				ONLY_ACTIVE_ARCH = YES;
				SDKROOT = iphoneos;
				SWIFT_ACTIVE_COMPILATION_CONDITIONS = DEBUG;
				SWIFT_OPTIMIZATION_LEVEL = "-Onone";
			};
			name = Debug;
		};
		E73530FF27C1A22200C4D033 /* Release */ = {
			isa = XCBuildConfiguration;
			buildSettings = {
				ALWAYS_SEARCH_USER_PATHS = NO;
				CLANG_ANALYZER_NONNULL = YES;
				CLANG_ANALYZER_NUMBER_OBJECT_CONVERSION = YES_AGGRESSIVE;
				CLANG_CXX_LANGUAGE_STANDARD = "gnu++17";
				CLANG_CXX_LIBRARY = "libc++";
				CLANG_ENABLE_MODULES = YES;
				CLANG_ENABLE_OBJC_ARC = YES;
				CLANG_ENABLE_OBJC_WEAK = YES;
				CLANG_WARN_BLOCK_CAPTURE_AUTORELEASING = YES;
				CLANG_WARN_BOOL_CONVERSION = YES;
				CLANG_WARN_COMMA = YES;
				CLANG_WARN_CONSTANT_CONVERSION = YES;
				CLANG_WARN_DEPRECATED_OBJC_IMPLEMENTATIONS = YES;
				CLANG_WARN_DIRECT_OBJC_ISA_USAGE = YES_ERROR;
				CLANG_WARN_DOCUMENTATION_COMMENTS = YES;
				CLANG_WARN_EMPTY_BODY = YES;
				CLANG_WARN_ENUM_CONVERSION = YES;
				CLANG_WARN_INFINITE_RECURSION = YES;
				CLANG_WARN_INT_CONVERSION = YES;
				CLANG_WARN_NON_LITERAL_NULL_CONVERSION = YES;
				CLANG_WARN_OBJC_IMPLICIT_RETAIN_SELF = YES;
				CLANG_WARN_OBJC_LITERAL_CONVERSION = YES;
				CLANG_WARN_OBJC_ROOT_CLASS = YES_ERROR;
				CLANG_WARN_QUOTED_INCLUDE_IN_FRAMEWORK_HEADER = YES;
				CLANG_WARN_RANGE_LOOP_ANALYSIS = YES;
				CLANG_WARN_STRICT_PROTOTYPES = YES;
				CLANG_WARN_SUSPICIOUS_MOVE = YES;
				CLANG_WARN_UNGUARDED_AVAILABILITY = YES_AGGRESSIVE;
				CLANG_WARN_UNREACHABLE_CODE = YES;
				CLANG_WARN__DUPLICATE_METHOD_MATCH = YES;
				COPY_PHASE_STRIP = NO;
				DEBUG_INFORMATION_FORMAT = "dwarf-with-dsym";
				ENABLE_NS_ASSERTIONS = NO;
				ENABLE_STRICT_OBJC_MSGSEND = YES;
				GCC_C_LANGUAGE_STANDARD = gnu11;
				GCC_NO_COMMON_BLOCKS = YES;
				GCC_WARN_64_TO_32_BIT_CONVERSION = YES;
				GCC_WARN_ABOUT_RETURN_TYPE = YES_ERROR;
				GCC_WARN_UNDECLARED_SELECTOR = YES;
				GCC_WARN_UNINITIALIZED_AUTOS = YES_AGGRESSIVE;
				GCC_WARN_UNUSED_FUNCTION = YES;
				GCC_WARN_UNUSED_VARIABLE = YES;
				IPHONEOS_DEPLOYMENT_TARGET = 15.2;
				MTL_ENABLE_DEBUG_INFO = NO;
				MTL_FAST_MATH = YES;
				SDKROOT = iphoneos;
				SWIFT_COMPILATION_MODE = wholemodule;
				SWIFT_OPTIMIZATION_LEVEL = "-O";
				VALIDATE_PRODUCT = YES;
			};
			name = Release;
		};
		E735310127C1A22200C4D033 /* Debug */ = {
			isa = XCBuildConfiguration;
			buildSettings = {
				ASSETCATALOG_COMPILER_APPICON_NAME = AppIcon;
				ASSETCATALOG_COMPILER_GLOBAL_ACCENT_COLOR_NAME = AccentColor;
				CODE_SIGN_STYLE = Automatic;
				CURRENT_PROJECT_VERSION = 1;
				DEVELOPMENT_TEAM = EWLRV4247C;
				GENERATE_INFOPLIST_FILE = YES;
				INFOPLIST_FILE = "Mi Calculadora/Info.plist";
				INFOPLIST_KEY_UIApplicationSupportsIndirectInputEvents = YES;
				INFOPLIST_KEY_UILaunchStoryboardName = LaunchScreen;
				INFOPLIST_KEY_UIMainStoryboardFile = Main;
				INFOPLIST_KEY_UISupportedInterfaceOrientations_iPad = UIInterfaceOrientationPortrait;
				INFOPLIST_KEY_UISupportedInterfaceOrientations_iPhone = "UIInterfaceOrientationPortrait UIInterfaceOrientationLandscapeLeft UIInterfaceOrientationLandscapeRight";
				IPHONEOS_DEPLOYMENT_TARGET = 15.2;
				LD_RUNPATH_SEARCH_PATHS = (
					"$(inherited)",
					"@executable_path/Frameworks",
				);
				MARKETING_VERSION = 1.0;
				PRODUCT_BUNDLE_IDENTIFIER = "me.alan-anaya.Mi-Calculadora";
				PRODUCT_NAME = "$(TARGET_NAME)";
				SWIFT_EMIT_LOC_STRINGS = YES;
				SWIFT_VERSION = 5.0;
				TARGETED_DEVICE_FAMILY = 2;
			};
			name = Debug;
		};
		E735310227C1A22200C4D033 /* Release */ = {
			isa = XCBuildConfiguration;
			buildSettings = {
				ASSETCATALOG_COMPILER_APPICON_NAME = AppIcon;
				ASSETCATALOG_COMPILER_GLOBAL_ACCENT_COLOR_NAME = AccentColor;
				CODE_SIGN_STYLE = Automatic;
				CURRENT_PROJECT_VERSION = 1;
				DEVELOPMENT_TEAM = EWLRV4247C;
				GENERATE_INFOPLIST_FILE = YES;
				INFOPLIST_FILE = "Mi Calculadora/Info.plist";
				INFOPLIST_KEY_UIApplicationSupportsIndirectInputEvents = YES;
				INFOPLIST_KEY_UILaunchStoryboardName = LaunchScreen;
				INFOPLIST_KEY_UIMainStoryboardFile = Main;
				INFOPLIST_KEY_UISupportedInterfaceOrientations_iPad = UIInterfaceOrientationPortrait;
				INFOPLIST_KEY_UISupportedInterfaceOrientations_iPhone = "UIInterfaceOrientationPortrait UIInterfaceOrientationLandscapeLeft UIInterfaceOrientationLandscapeRight";
				IPHONEOS_DEPLOYMENT_TARGET = 15.2;
				LD_RUNPATH_SEARCH_PATHS = (
					"$(inherited)",
					"@executable_path/Frameworks",
				);
				MARKETING_VERSION = 1.0;
				PRODUCT_BUNDLE_IDENTIFIER = "me.alan-anaya.Mi-Calculadora";
				PRODUCT_NAME = "$(TARGET_NAME)";
				SWIFT_EMIT_LOC_STRINGS = YES;
				SWIFT_VERSION = 5.0;
				TARGETED_DEVICE_FAMILY = 2;
			};
			name = Release;
		};
/* End XCBuildConfiguration section */

/* Begin XCConfigurationList section */
		E73530E727C1A22100C4D033 /* Build configuration list for PBXProject "Mi Calculadora" */ = {
			isa = XCConfigurationList;
			buildConfigurations = (
				E73530FE27C1A22200C4D033 /* Debug */,
				E73530FF27C1A22200C4D033 /* Release */,
			);
			defaultConfigurationIsVisible = 0;
			defaultConfigurationName = Release;
		};
		E735310027C1A22200C4D033 /* Build configuration list for PBXNativeTarget "Mi Calculadora" */ = {
			isa = XCConfigurationList;
			buildConfigurations = (
				E735310127C1A22200C4D033 /* Debug */,
				E735310227C1A22200C4D033 /* Release */,
			);
			defaultConfigurationIsVisible = 0;
			defaultConfigurationName = Release;
		};
/* End XCConfigurationList section */
	};
	rootObject = E73530E427C1A22100C4D033 /* Project object */;
}
